{
  "name": "@openadam/agent-tool-observer",
  "version": "0.1.0",
  "lockfileVersion": 3,
  "requires": true,
  "packages": {
    "": {
      "name": "@openadam/agent-tool-observer",
      "version": "0.1.0",
      "license": "UNLICENSED",
      "bin": {
        "agent-tool-observer": "src/cli.mjs"
      },
      "engines": {
        "node": ">=22"
      }
    }
  }
}
